
Microsoft Visual Studio Solution File, Format Version 12.00
# Visual Studio Version 16
VisualStudioVersion = 16.0.30621.155
MinimumVisualStudioVersion = 10.0.40219.1
Project("{FAE04EC0-301F-11D3-BF4B-00C04F79EFBC}") = "TalentSearch", "TalentSearch.csproj", "{3A91959E-A5D4-448C-BFF0-901FE20E07AF}"
EndProject
Global
	GlobalSection(SolutionConfigurationPlatforms) = preSolution
		Debug|Any CPU = Debug|Any CPU
		Release|Any CPU = Release|Any CPU
	EndGlobalSection
	GlobalSection(ProjectConfigurationPlatforms) = postSolution
		{3A91959E-A5D4-448C-BFF0-901FE20E07AF}.Debug|Any CPU.ActiveCfg = Debug|Any CPU
		{3A91959E-A5D4-448C-BFF0-901FE20E07AF}.Debug|Any CPU.Build.0 = Debug|Any CPU
		{3A91959E-A5D4-448C-BFF0-901FE20E07AF}.Release|Any CPU.ActiveCfg = Release|Any CPU
		{3A91959E-A5D4-448C-BFF0-901FE20E07AF}.Release|Any CPU.Build.0 = Release|Any CPU
	EndGlobalSection
	GlobalSection(SolutionProperties) = preSolution
		HideSolutionNode = FALSE
	EndGlobalSection
	GlobalSection(ExtensibilityGlobals) = postSolution
		SolutionGuid = {168A8878-348F-4E4F-A6D7-A2AEE634A67A}
	EndGlobalSection
EndGlobal
